PODS:
  - BMSAnalyticsAPI (2.2.1)
  - BMSCore (2.3.2):
    - BMSAnalyticsAPI (~> 2.2)
  - SwiftyJSON (3.1.4)

DEPENDENCIES:
  - BMSCore (~> 2.0)
  - SwiftyJSON

SPEC CHECKSUMS:
  BMSAnalyticsAPI: 2e07dee6452e3cdbdc5fd0ee7362b66a281e3963
  BMSCore: 30674d30566134125e9bee043ccbea652445ca92
  SwiftyJSON: c2842d878f95482ffceec5709abc3d05680c0220

PODFILE CHECKSUM: 17b88c83c4aa555f42e061ffefebefde0314a795

COCOAPODS: 1.4.0.beta.1
